
Microsoft Visual Studio Solution File, Format Version 12.00
# Visual Studio Version 17
VisualStudioVersion = 17.1.32210.238
MinimumVisualStudioVersion = 10.0.40219.1
Project("{FAE04EC0-301F-11D3-BF4B-00C04F79EFBC}") = "WpfApp1", "WpfApp1\WpfApp1.csproj", "{C8BB1F45-D8CF-46A6-8540-321CC1634803}"
EndProject
Global
	GlobalSection(SolutionConfigurationPlatforms) = preSolution
		Debug|Any CPU = Debug|Any CPU
		Release|Any CPU = Release|Any CPU
	EndGlobalSection
	GlobalSection(ProjectConfigurationPlatforms) = postSolution
		{C8BB1F45-D8CF-46A6-8540-321CC1634803}.Debug|Any CPU.ActiveCfg = Debug|Any CPU
		{C8BB1F45-D8CF-46A6-8540-321CC1634803}.Debug|Any CPU.Build.0 = Debug|Any CPU
		{C8BB1F45-D8CF-46A6-8540-321CC1634803}.Release|Any CPU.ActiveCfg = Release|Any CPU
		{C8BB1F45-D8CF-46A6-8540-321CC1634803}.Release|Any CPU.Build.0 = Release|Any CPU
	EndGlobalSection
	GlobalSection(SolutionProperties) = preSolution
		HideSolutionNode = FALSE
	EndGlobalSection
	GlobalSection(ExtensibilityGlobals) = postSolution
		SolutionGuid = {33B4BF83-7BA4-4C4E-AA22-B4563342A348}
	EndGlobalSection
EndGlobal
